GEM
  remote: https://rubygems.org/
  specs:
    gettext (3.3.7)
      locale (>= 2.0.5)
      text (>= 1.3.0)
    locale (2.1.3)
    rake (13.0.6)
    text (1.3.1)
    translation (1.26)
      gettext (~> 3.2, >= 3.2.5, <= 3.3.7)

PLATFORMS
  ruby

DEPENDENCIES
  rake
  translation

BUNDLED WITH
   2.1.4
